// !$*UTF8*$!
{
	archiveVersion = 1;
	classes = {
	};
	objectVersion = 60;
	objects = {

/* Begin PBXBuildFile section */
		FD2D76AB2C151E5E00BBDEF4 /* AppDelegate.swift in Sources */ = {isa = PBXBuildFile; fileRef = FD2D76AA2C151E5E00BBDEF4 /* AppDelegate.swift */; };
		FD2D76AD2C151E5E00BBDEF4 /* SceneDelegate.swift in Sources */ = {isa = PBXBuildFile; fileRef = FD2D76AC2C151E5E00BBDEF4 /* SceneDelegate.swift */; };
		FD2D76B42C151E6200BBDEF4 /* Assets.xcassets in Resources */ = {isa = PBXBuildFile; fileRef = FD2D76B32C151E6200BBDEF4 /* Assets.xcassets */; };
		FD2D76B72C151E6200BBDEF4 /* Base in Resources */ = {isa = PBXBuildFile; fileRef = FD2D76B62C151E6200BBDEF4 /* Base */; };
		FD2D76C22C151E6300BBDEF4 /* RickAndMortyTests.swift in Sources */ = {isa = PBXBuildFile; fileRef = FD2D76C12C151E6300BBDEF4 /* RickAndMortyTests.swift */; };
		FD2D76CC2C151E6300BBDEF4 /* RickAndMortyUITests.swift in Sources */ = {isa = PBXBuildFile; fileRef = FD2D76CB2C151E6300BBDEF4 /* RickAndMortyUITests.swift */; };
		FD2D76CE2C151E6300BBDEF4 /* RickAndMortyUITestsLaunchTests.swift in Sources */ = {isa = PBXBuildFile; fileRef = FD2D76CD2C151E6300BBDEF4 /* RickAndMortyUITestsLaunchTests.swift */; };
		FD2D76E12C15246C00BBDEF4 /* StoryBoarding.swift in Sources */ = {isa = PBXBuildFile; fileRef = FD2D76E02C15246C00BBDEF4 /* StoryBoarding.swift */; };
		FD2D76E52C15268800BBDEF4 /* Coordinator.swift in Sources */ = {isa = PBXBuildFile; fileRef = FD2D76E42C15268800BBDEF4 /* Coordinator.swift */; };
		FD2D76E72C1526F100BBDEF4 /* RootCoordinator.swift in Sources */ = {isa = PBXBuildFile; fileRef = FD2D76E62C1526F100BBDEF4 /* RootCoordinator.swift */; };
		FD2D76EC2C15288800BBDEF4 /* MainTabBarController.swift in Sources */ = {isa = PBXBuildFile; fileRef = FD2D76EB2C15288800BBDEF4 /* MainTabBarController.swift */; };
		FD81D1122C2E695800098C59 /* MockCharacterDataRepository.swift in Sources */ = {isa = PBXBuildFile; fileRef = FD81D1112C2E695800098C59 /* MockCharacterDataRepository.swift */; };
		FD81D1142C2E697F00098C59 /* MockLocationRepository.swift in Sources */ = {isa = PBXBuildFile; fileRef = FD81D1132C2E697F00098C59 /* MockLocationRepository.swift */; };
		FD81D1162C2E69A900098C59 /* TestLocationUseCase.swift in Sources */ = {isa = PBXBuildFile; fileRef = FD81D1152C2E69A900098C59 /* TestLocationUseCase.swift */; };
		FD81D1192C2E69F300098C59 /* Network+DataTransferTests.swift in Sources */ = {isa = PBXBuildFile; fileRef = FD81D1182C2E69F300098C59 /* Network+DataTransferTests.swift */; };
		FD81D11C2C2E6A5400098C59 /* locations.json in Resources */ = {isa = PBXBuildFile; fileRef = FD81D11B2C2E6A5400098C59 /* locations.json */; };
		FD81D11F2C369B4E00098C59 /* LaunchViewController.swift in Sources */ = {isa = PBXBuildFile; fileRef = FD81D11E2C369B4E00098C59 /* LaunchViewController.swift */; };
		FD81D1212C37BDFE00098C59 /* Presentable.swift in Sources */ = {isa = PBXBuildFile; fileRef = FD81D1202C37BDFE00098C59 /* Presentable.swift */; };
		FD81D1232C37BEB100098C59 /* ViewModel.swift in Sources */ = {isa = PBXBuildFile; fileRef = FD81D1222C37BEB100098C59 /* ViewModel.swift */; };
		FD81D1252C37F24A00098C59 /* sound_track.mp3 in Resources */ = {isa = PBXBuildFile; fileRef = FD81D1242C37F24A00098C59 /* sound_track.mp3 */; };
		FD81D1292C3814A700098C59 /* CharactersCoordinator.swift in Sources */ = {isa = PBXBuildFile; fileRef = FD81D1282C3814A700098C59 /* CharactersCoordinator.swift */; };
		FD81D12C2C38157F00098C59 /* CharactersViewController.swift in Sources */ = {isa = PBXBuildFile; fileRef = FD81D12B2C38157F00098C59 /* CharactersViewController.swift */; };
		FD81D12E2C38162A00098C59 /* CharactersViewModel.swift in Sources */ = {isa = PBXBuildFile; fileRef = FD81D12D2C38162A00098C59 /* CharactersViewModel.swift */; };
		FD81D1302C3819E300098C59 /* EpisodesCoordinator.swift in Sources */ = {isa = PBXBuildFile; fileRef = FD81D12F2C3819E300098C59 /* EpisodesCoordinator.swift */; };
		FD81D1322C3819F200098C59 /* LocationsCoordinator.swift in Sources */ = {isa = PBXBuildFile; fileRef = FD81D1312C3819F200098C59 /* LocationsCoordinator.swift */; };
		FD81D1352C385A0100098C59 /* CharacterCell.swift in Sources */ = {isa = PBXBuildFile; fileRef = FD81D1342C385A0100098C59 /* CharacterCell.swift */; };
		FD81D1382C38C61800098C59 /* ProgressView.swift in Sources */ = {isa = PBXBuildFile; fileRef = FD81D1372C38C61800098C59 /* ProgressView.swift */; };
		FDC057912C17D37A00312DB4 /* ApiNetworkConfig.swift in Sources */ = {isa = PBXBuildFile; fileRef = FDC0578D2C17D37A00312DB4 /* ApiNetworkConfig.swift */; };
		FDC057922C17D37A00312DB4 /* Endpoint.swift in Sources */ = {isa = PBXBuildFile; fileRef = FDC0578E2C17D37A00312DB4 /* Endpoint.swift */; };
		FDC057932C17D37A00312DB4 /* NetworkService.swift in Sources */ = {isa = PBXBuildFile; fileRef = FDC0578F2C17D37A00312DB4 /* NetworkService.swift */; };
		FDC057942C17D37A00312DB4 /* NetworkDataTransferService.swift in Sources */ = {isa = PBXBuildFile; fileRef = FDC057902C17D37A00312DB4 /* NetworkDataTransferService.swift */; };
		FDC057962C17D52800312DB4 /* View+Extensions.swift in Sources */ = {isa = PBXBuildFile; fileRef = FDC057952C17D52800312DB4 /* View+Extensions.swift */; };
		FDC0579B2C17D84800312DB4 /* CharacterRepository.swift in Sources */ = {isa = PBXBuildFile; fileRef = FDC0579A2C17D84800312DB4 /* CharacterRepository.swift */; };
		FDC0579D2C17D85B00312DB4 /* LocationRepository.swift in Sources */ = {isa = PBXBuildFile; fileRef = FDC0579C2C17D85B00312DB4 /* LocationRepository.swift */; };
		FDC0579F2C17D86A00312DB4 /* EpisodeRepository.swift in Sources */ = {isa = PBXBuildFile; fileRef = FDC0579E2C17D86A00312DB4 /* EpisodeRepository.swift */; };
		FDC057A12C17D89700312DB4 /* Character.swift in Sources */ = {isa = PBXBuildFile; fileRef = FDC057A02C17D89700312DB4 /* Character.swift */; };
		FDC057A32C17DC8600312DB4 /* Location.swift in Sources */ = {isa = PBXBuildFile; fileRef = FDC057A22C17DC8600312DB4 /* Location.swift */; };
		FDC057A52C17DDEA00312DB4 /* Episode.swift in Sources */ = {isa = PBXBuildFile; fileRef = FDC057A42C17DDEA00312DB4 /* Episode.swift */; };
		FDC057A72C17DF9C00312DB4 /* UseCase.swift in Sources */ = {isa = PBXBuildFile; fileRef = FDC057A62C17DF9C00312DB4 /* UseCase.swift */; };
		FDC057AC2C17E00100312DB4 /* FetchCharactersUseCase.swift in Sources */ = {isa = PBXBuildFile; fileRef = FDC057AB2C17E00100312DB4 /* FetchCharactersUseCase.swift */; };
		FDC057AE2C17E15300312DB4 /* SearchCharactersUseCase.swift in Sources */ = {isa = PBXBuildFile; fileRef = FDC057AD2C17E15300312DB4 /* SearchCharactersUseCase.swift */; };
		FDC057B02C17E1CE00312DB4 /* FetchLocationsUseCase.swift in Sources */ = {isa = PBXBuildFile; fileRef = FDC057AF2C17E1CE00312DB4 /* FetchLocationsUseCase.swift */; };
		FDC057B22C17E23200312DB4 /* SearchLocationsUseCase.swift in Sources */ = {isa = PBXBuildFile; fileRef = FDC057B12C17E23200312DB4 /* SearchLocationsUseCase.swift */; };
		FDC057B42C17E28F00312DB4 /* FetchEpisodesUseCase.swift in Sources */ = {isa = PBXBuildFile; fileRef = FDC057B32C17E28F00312DB4 /* FetchEpisodesUseCase.swift */; };
		FDC057B62C17E2D200312DB4 /* SearchEpisodesUseCase.swift in Sources */ = {isa = PBXBuildFile; fileRef = FDC057B52C17E2D200312DB4 /* SearchEpisodesUseCase.swift */; };
		FDC057BA2C17E4C000312DB4 /* CharacterResponseDTO+Mapping.swift in Sources */ = {isa = PBXBuildFile; fileRef = FDC057B92C17E4C000312DB4 /* CharacterResponseDTO+Mapping.swift */; };
		FDC057BC2C17F1A900312DB4 /* LocationResponseDTO+Mapping.swift in Sources */ = {isa = PBXBuildFile; fileRef = FDC057BB2C17F1A900312DB4 /* LocationResponseDTO+Mapping.swift */; };
		FDC057BF2C17F34F00312DB4 /* Helpers.swift in Sources */ = {isa = PBXBuildFile; fileRef = FDC057BE2C17F34F00312DB4 /* Helpers.swift */; };
		FDC057C12C17F4F400312DB4 /* EpisodeResponseDTO+Mapping.swift in Sources */ = {isa = PBXBuildFile; fileRef = FDC057C02C17F4F400312DB4 /* EpisodeResponseDTO+Mapping.swift */; };
		FDC057C42C17F79300312DB4 /* CharacterEndpoints.swift in Sources */ = {isa = PBXBuildFile; fileRef = FDC057C32C17F79300312DB4 /* CharacterEndpoints.swift */; };
		FDC057C62C17F7A000312DB4 /* LocationEndpoints.swift in Sources */ = {isa = PBXBuildFile; fileRef = FDC057C52C17F7A000312DB4 /* LocationEndpoints.swift */; };
		FDC057C82C17F7AC00312DB4 /* EpisodeEndpoints.swift in Sources */ = {isa = PBXBuildFile; fileRef = FDC057C72C17F7AC00312DB4 /* EpisodeEndpoints.swift */; };
		FDC057D12C18ACB700312DB4 /* CharacterRepositoryRemote.swift in Sources */ = {isa = PBXBuildFile; fileRef = FDC057D02C18ACB700312DB4 /* CharacterRepositoryRemote.swift */; };
		FDC057D32C18ACCB00312DB4 /* CharacterRepositoryLocal.swift in Sources */ = {isa = PBXBuildFile; fileRef = FDC057D22C18ACCB00312DB4 /* CharacterRepositoryLocal.swift */; };
		FDC057D52C18AD6000312DB4 /* CharacterRepositoryPrimaryFallback.swift in Sources */ = {isa = PBXBuildFile; fileRef = FDC057D42C18AD6000312DB4 /* CharacterRepositoryPrimaryFallback.swift */; };
		FDC057DB2C18B72F00312DB4 /* Cancellable.swift in Sources */ = {isa = PBXBuildFile; fileRef = FDC057DA2C18B72F00312DB4 /* Cancellable.swift */; };
		FDC057DF2C1930B800312DB4 /* LocationRepositoryPrimaryFallback.swift in Sources */ = {isa = PBXBuildFile; fileRef = FDC057DE2C1930B800312DB4 /* LocationRepositoryPrimaryFallback.swift */; };
		FDC057E12C1931AD00312DB4 /* LocationRepositoryRemote.swift in Sources */ = {isa = PBXBuildFile; fileRef = FDC057E02C1931AD00312DB4 /* LocationRepositoryRemote.swift */; };
		FDC057E32C1931C400312DB4 /* LocationRepositoryLocal.swift in Sources */ = {isa = PBXBuildFile; fileRef = FDC057E22C1931C400312DB4 /* LocationRepositoryLocal.swift */; };
		FDC057E62C1932C600312DB4 /* EpisodeRepositoryPrimaryFallback.swift in Sources */ = {isa = PBXBuildFile; fileRef = FDC057E52C1932C600312DB4 /* EpisodeRepositoryPrimaryFallback.swift */; };
		FDC057E82C19339600312DB4 /* EpisodeRepositoryRemote.swift in Sources */ = {isa = PBXBuildFile; fileRef = FDC057E72C19339600312DB4 /* EpisodeRepositoryRemote.swift */; };
		FDC057EA2C1933B800312DB4 /* EpisodeRepositoryLocal.swift in Sources */ = {isa = PBXBuildFile; fileRef = FDC057E92C1933B800312DB4 /* EpisodeRepositoryLocal.swift */; };
		FDC057EC2C19414000312DB4 /* FetchCharacterUseCase.swift in Sources */ = {isa = PBXBuildFile; fileRef = FDC057EB2C19414000312DB4 /* FetchCharacterUseCase.swift */; };
		FDC057EE2C1941D500312DB4 /* FetchLocationUseCase.swift in Sources */ = {isa = PBXBuildFile; fileRef = FDC057ED2C1941D500312DB4 /* FetchLocationUseCase.swift */; };
		FDC057F02C19423400312DB4 /* FetchEpisodeUseCase.swift in Sources */ = {isa = PBXBuildFile; fileRef = FDC057EF2C19423400312DB4 /* FetchEpisodeUseCase.swift */; };
		FDD87CDD2C3961F20072E2A8 /* DependencyInjector in Frameworks */ = {isa = PBXBuildFile; productRef = FDD87CDC2C3961F20072E2A8 /* DependencyInjector */; };
		FDD87CE02C3962DA0072E2A8 /* DependencyInjector.swift in Sources */ = {isa = PBXBuildFile; fileRef = FDD87CDF2C3962DA0072E2A8 /* DependencyInjector.swift */; };
		FDD87CE32C3965EB0072E2A8 /* ApplicationConstants.swift in Sources */ = {isa = PBXBuildFile; fileRef = FDD87CE22C3965EB0072E2A8 /* ApplicationConstants.swift */; };
		FDD87CE62C3981060072E2A8 /* ImageLoader in Frameworks */ = {isa = PBXBuildFile; productRef = FDD87CE52C3981060072E2A8 /* ImageLoader */; };
		FDD87CE82C3A9BA60072E2A8 /* CharactersView.swift in Sources */ = {isa = PBXBuildFile; fileRef = FDD87CE72C3A9BA60072E2A8 /* CharactersView.swift */; };
		FDD87CEA2C3AAD890072E2A8 /* ArrayWrapper.swift in Sources */ = {isa = PBXBuildFile; fileRef = FDD87CE92C3AAD890072E2A8 /* ArrayWrapper.swift */; };
		FDD87CED2C3B74A90072E2A8 /* EpisodesView.swift in Sources */ = {isa = PBXBuildFile; fileRef = FDD87CEC2C3B74A90072E2A8 /* EpisodesView.swift */; };
		FDD87CF02C3B750C0072E2A8 /* EpisodeCell.swift in Sources */ = {isa = PBXBuildFile; fileRef = FDD87CEF2C3B750C0072E2A8 /* EpisodeCell.swift */; };
		FDD87CF22C3B78360072E2A8 /* EpisodeViewModel.swift in Sources */ = {isa = PBXBuildFile; fileRef = FDD87CF12C3B78360072E2A8 /* EpisodeViewModel.swift */; };
		FDD87CF42C3B79F30072E2A8 /* EpisodesViewController.swift in Sources */ = {isa = PBXBuildFile; fileRef = FDD87CF32C3B79F30072E2A8 /* EpisodesViewController.swift */; };
		FDE8CD042C1567DA00481F32 /* OSLog+Extensions.swift in Sources */ = {isa = PBXBuildFile; fileRef = FDE8CD032C1567DA00481F32 /* OSLog+Extensions.swift */; };
/* End PBXBuildFile section */

/* Begin PBXContainerItemProxy section */
		FD2D76BE2C151E6300BBDEF4 /* PBXContainerItemProxy */ = {
			isa = PBXContainerItemProxy;
			containerPortal = FD2D769F2C151E5E00BBDEF4 /* Project object */;
			proxyType = 1;
			remoteGlobalIDString = FD2D76A62C151E5E00BBDEF4;
			remoteInfo = RickAndMorty;
		};
		FD2D76C82C151E6300BBDEF4 /* PBXContainerItemProxy */ = {
			isa = PBXContainerItemProxy;
			containerPortal = FD2D769F2C151E5E00BBDEF4 /* Project object */;
			proxyType = 1;
			remoteGlobalIDString = FD2D76A62C151E5E00BBDEF4;
			remoteInfo = RickAndMorty;
		};
/* End PBXContainerItemProxy section */

/* Begin PBXFileReference section */
		FD2D76A72C151E5E00BBDEF4 /* RickAndMorty.app */ = {isa = PBXFileReference; explicitFileType = wrapper.application; includeInIndex = 0; path = RickAndMorty.app; sourceTree = BUILT_PRODUCTS_DIR; };
		FD2D76AA2C151E5E00BBDEF4 /* AppDelegate.swift */ = {isa = PBXFileReference; lastKnownFileType = sourcecode.swift; path = AppDelegate.swift; sourceTree = "<group>"; };
		FD2D76AC2C151E5E00BBDEF4 /* SceneDelegate.swift */ = {isa = PBXFileReference; lastKnownFileType = sourcecode.swift; path = SceneDelegate.swift; sourceTree = "<group>"; };
		FD2D76B32C151E6200BBDEF4 /* Assets.xcassets */ = {isa = PBXFileReference; lastKnownFileType = folder.assetcatalog; path = Assets.xcassets; sourceTree = "<group>"; };
		FD2D76B62C151E6200BBDEF4 /* Base */ = {isa = PBXFileReference; lastKnownFileType = file.storyboard; name = Base; path = Base.lproj/LaunchScreen.storyboard; sourceTree = "<group>"; };
		FD2D76B82C151E6200BBDEF4 /* Info.plist */ = {isa = PBXFileReference; lastKnownFileType = text.plist.xml; path = Info.plist; sourceTree = "<group>"; };
		FD2D76BD2C151E6300BBDEF4 /* RickAndMortyTests.xctest */ = {isa = PBXFileReference; explicitFileType = wrapper.cfbundle; includeInIndex = 0; path = RickAndMortyTests.xctest; sourceTree = BUILT_PRODUCTS_DIR; };
		FD2D76C12C151E6300BBDEF4 /* RickAndMortyTests.swift */ = {isa = PBXFileReference; lastKnownFileType = sourcecode.swift; path = RickAndMortyTests.swift; sourceTree = "<group>"; };
		FD2D76C72C151E6300BBDEF4 /* RickAndMortyUITests.xctest */ = {isa = PBXFileReference; explicitFileType = wrapper.cfbundle; includeInIndex = 0; path = RickAndMortyUITests.xctest; sourceTree = BUILT_PRODUCTS_DIR; };
		FD2D76CB2C151E6300BBDEF4 /* RickAndMortyUITests.swift */ = {isa = PBXFileReference; lastKnownFileType = sourcecode.swift; path = RickAndMortyUITests.swift; sourceTree = "<group>"; };
		FD2D76CD2C151E6300BBDEF4 /* RickAndMortyUITestsLaunchTests.swift */ = {isa = PBXFileReference; lastKnownFileType = sourcecode.swift; path = RickAndMortyUITestsLaunchTests.swift; sourceTree = "<group>"; };
		FD2D76E02C15246C00BBDEF4 /* StoryBoarding.swift */ = {isa = PBXFileReference; lastKnownFileType = sourcecode.swift; path = StoryBoarding.swift; sourceTree = "<group>"; };
		FD2D76E42C15268800BBDEF4 /* Coordinator.swift */ = {isa = PBXFileReference; lastKnownFileType = sourcecode.swift; path = Coordinator.swift; sourceTree = "<group>"; };
		FD2D76E62C1526F100BBDEF4 /* RootCoordinator.swift */ = {isa = PBXFileReference; lastKnownFileType = sourcecode.swift; path = RootCoordinator.swift; sourceTree = "<group>"; };
		FD2D76EB2C15288800BBDEF4 /* MainTabBarController.swift */ = {isa = PBXFileReference; lastKnownFileType = sourcecode.swift; path = MainTabBarController.swift; sourceTree = "<group>"; };
		FD81D1112C2E695800098C59 /* MockCharacterDataRepository.swift */ = {isa = PBXFileReference; lastKnownFileType = sourcecode.swift; path = MockCharacterDataRepository.swift; sourceTree = "<group>"; };
		FD81D1132C2E697F00098C59 /* MockLocationRepository.swift */ = {isa = PBXFileReference; lastKnownFileType = sourcecode.swift; path = MockLocationRepository.swift; sourceTree = "<group>"; };
		FD81D1152C2E69A900098C59 /* TestLocationUseCase.swift */ = {isa = PBXFileReference; lastKnownFileType = sourcecode.swift; path = TestLocationUseCase.swift; sourceTree = "<group>"; };
		FD81D1182C2E69F300098C59 /* Network+DataTransferTests.swift */ = {isa = PBXFileReference; lastKnownFileType = sourcecode.swift; path = "Network+DataTransferTests.swift"; sourceTree = "<group>"; };
		FD81D11B2C2E6A5400098C59 /* locations.json */ = {isa = PBXFileReference; lastKnownFileType = text.json; path = locations.json; sourceTree = "<group>"; };
		FD81D11E2C369B4E00098C59 /* LaunchViewController.swift */ = {isa = PBXFileReference; lastKnownFileType = sourcecode.swift; path = LaunchViewController.swift; sourceTree = "<group>"; };
		FD81D1202C37BDFE00098C59 /* Presentable.swift */ = {isa = PBXFileReference; lastKnownFileType = sourcecode.swift; path = Presentable.swift; sourceTree = "<group>"; };
		FD81D1222C37BEB100098C59 /* ViewModel.swift */ = {isa = PBXFileReference; lastKnownFileType = sourcecode.swift; path = ViewModel.swift; sourceTree = "<group>"; };
		FD81D1242C37F24A00098C59 /* sound_track.mp3 */ = {isa = PBXFileReference; lastKnownFileType = audio.mp3; path = sound_track.mp3; sourceTree = "<group>"; };
		FD81D1282C3814A700098C59 /* CharactersCoordinator.swift */ = {isa = PBXFileReference; lastKnownFileType = sourcecode.swift; path = CharactersCoordinator.swift; sourceTree = "<group>"; };
		FD81D12B2C38157F00098C59 /* CharactersViewController.swift */ = {isa = PBXFileReference; lastKnownFileType = sourcecode.swift; path = CharactersViewController.swift; sourceTree = "<group>"; };
		FD81D12D2C38162A00098C59 /* CharactersViewModel.swift */ = {isa = PBXFileReference; lastKnownFileType = sourcecode.swift; path = CharactersViewModel.swift; sourceTree = "<group>"; };
		FD81D12F2C3819E300098C59 /* EpisodesCoordinator.swift */ = {isa = PBXFileReference; lastKnownFileType = sourcecode.swift; path = EpisodesCoordinator.swift; sourceTree = "<group>"; };
		FD81D1312C3819F200098C59 /* LocationsCoordinator.swift */ = {isa = PBXFileReference; lastKnownFileType = sourcecode.swift; path = LocationsCoordinator.swift; sourceTree = "<group>"; };
		FD81D1342C385A0100098C59 /* CharacterCell.swift */ = {isa = PBXFileReference; lastKnownFileType = sourcecode.swift; path = CharacterCell.swift; sourceTree = "<group>"; };
		FD81D1372C38C61800098C59 /* ProgressView.swift */ = {isa = PBXFileReference; lastKnownFileType = sourcecode.swift; path = ProgressView.swift; sourceTree = "<group>"; };
		FDC0578D2C17D37A00312DB4 /* ApiNetworkConfig.swift */ = {isa = PBXFileReference; fileEncoding = 4; lastKnownFileType = sourcecode.swift; path = ApiNetworkConfig.swift; sourceTree = "<group>"; };
		FDC0578E2C17D37A00312DB4 /* Endpoint.swift */ = {isa = PBXFileReference; fileEncoding = 4; lastKnownFileType = sourcecode.swift; path = Endpoint.swift; sourceTree = "<group>"; };
		FDC0578F2C17D37A00312DB4 /* NetworkService.swift */ = {isa = PBXFileReference; fileEncoding = 4; lastKnownFileType = sourcecode.swift; path = NetworkService.swift; sourceTree = "<group>"; };
		FDC057902C17D37A00312DB4 /* NetworkDataTransferService.swift */ = {isa = PBXFileReference; fileEncoding = 4; lastKnownFileType = sourcecode.swift; path = NetworkDataTransferService.swift; sourceTree = "<group>"; };
		FDC057952C17D52800312DB4 /* View+Extensions.swift */ = {isa = PBXFileReference; lastKnownFileType = sourcecode.swift; path = "View+Extensions.swift"; sourceTree = "<group>"; };
		FDC0579A2C17D84800312DB4 /* CharacterRepository.swift */ = {isa = PBXFileReference; lastKnownFileType = sourcecode.swift; path = CharacterRepository.swift; sourceTree = "<group>"; };
		FDC0579C2C17D85B00312DB4 /* LocationRepository.swift */ = {isa = PBXFileReference; lastKnownFileType = sourcecode.swift; path = LocationRepository.swift; sourceTree = "<group>"; };
		FDC0579E2C17D86A00312DB4 /* EpisodeRepository.swift */ = {isa = PBXFileReference; lastKnownFileType = sourcecode.swift; path = EpisodeRepository.swift; sourceTree = "<group>"; };
		FDC057A02C17D89700312DB4 /* Character.swift */ = {isa = PBXFileReference; lastKnownFileType = sourcecode.swift; path = Character.swift; sourceTree = "<group>"; };
		FDC057A22C17DC8600312DB4 /* Location.swift */ = {isa = PBXFileReference; lastKnownFileType = sourcecode.swift; path = Location.swift; sourceTree = "<group>"; };
		FDC057A42C17DDEA00312DB4 /* Episode.swift */ = {isa = PBXFileReference; lastKnownFileType = sourcecode.swift; path = Episode.swift; sourceTree = "<group>"; };
		FDC057A62C17DF9C00312DB4 /* UseCase.swift */ = {isa = PBXFileReference; lastKnownFileType = sourcecode.swift; path = UseCase.swift; sourceTree = "<group>"; };
		FDC057AB2C17E00100312DB4 /* FetchCharactersUseCase.swift */ = {isa = PBXFileReference; lastKnownFileType = sourcecode.swift; path = FetchCharactersUseCase.swift; sourceTree = "<group>"; };
		FDC057AD2C17E15300312DB4 /* SearchCharactersUseCase.swift */ = {isa = PBXFileReference; lastKnownFileType = sourcecode.swift; path = SearchCharactersUseCase.swift; sourceTree = "<group>"; };
		FDC057AF2C17E1CE00312DB4 /* FetchLocationsUseCase.swift */ = {isa = PBXFileReference; lastKnownFileType = sourcecode.swift; path = FetchLocationsUseCase.swift; sourceTree = "<group>"; };
		FDC057B12C17E23200312DB4 /* SearchLocationsUseCase.swift */ = {isa = PBXFileReference; lastKnownFileType = sourcecode.swift; path = SearchLocationsUseCase.swift; sourceTree = "<group>"; };
		FDC057B32C17E28F00312DB4 /* FetchEpisodesUseCase.swift */ = {isa = PBXFileReference; lastKnownFileType = sourcecode.swift; path = FetchEpisodesUseCase.swift; sourceTree = "<group>"; };
		FDC057B52C17E2D200312DB4 /* SearchEpisodesUseCase.swift */ = {isa = PBXFileReference; lastKnownFileType = sourcecode.swift; path = SearchEpisodesUseCase.swift; sourceTree = "<group>"; };
		FDC057B92C17E4C000312DB4 /* CharacterResponseDTO+Mapping.swift */ = {isa = PBXFileReference; lastKnownFileType = sourcecode.swift; path = "CharacterResponseDTO+Mapping.swift"; sourceTree = "<group>"; };
		FDC057BB2C17F1A900312DB4 /* LocationResponseDTO+Mapping.swift */ = {isa = PBXFileReference; lastKnownFileType = sourcecode.swift; path = "LocationResponseDTO+Mapping.swift"; sourceTree = "<group>"; };
		FDC057BE2C17F34F00312DB4 /* Helpers.swift */ = {isa = PBXFileReference; lastKnownFileType = sourcecode.swift; path = Helpers.swift; sourceTree = "<group>"; };
		FDC057C02C17F4F400312DB4 /* EpisodeResponseDTO+Mapping.swift */ = {isa = PBXFileReference; lastKnownFileType = sourcecode.swift; path = "EpisodeResponseDTO+Mapping.swift"; sourceTree = "<group>"; };
		FDC057C32C17F79300312DB4 /* CharacterEndpoints.swift */ = {isa = PBXFileReference; lastKnownFileType = sourcecode.swift; path = CharacterEndpoints.swift; sourceTree = "<group>"; };
		FDC057C52C17F7A000312DB4 /* LocationEndpoints.swift */ = {isa = PBXFileReference; lastKnownFileType = sourcecode.swift; path = LocationEndpoints.swift; sourceTree = "<group>"; };
		FDC057C72C17F7AC00312DB4 /* EpisodeEndpoints.swift */ = {isa = PBXFileReference; lastKnownFileType = sourcecode.swift; path = EpisodeEndpoints.swift; sourceTree = "<group>"; };
		FDC057D02C18ACB700312DB4 /* CharacterRepositoryRemote.swift */ = {isa = PBXFileReference; lastKnownFileType = sourcecode.swift; path = CharacterRepositoryRemote.swift; sourceTree = "<group>"; };
		FDC057D22C18ACCB00312DB4 /* CharacterRepositoryLocal.swift */ = {isa = PBXFileReference; lastKnownFileType = sourcecode.swift; path = CharacterRepositoryLocal.swift; sourceTree = "<group>"; };
		FDC057D42C18AD6000312DB4 /* CharacterRepositoryPrimaryFallback.swift */ = {isa = PBXFileReference; lastKnownFileType = sourcecode.swift; path = CharacterRepositoryPrimaryFallback.swift; sourceTree = "<group>"; };
		FDC057DA2C18B72F00312DB4 /* Cancellable.swift */ = {isa = PBXFileReference; lastKnownFileType = sourcecode.swift; path = Cancellable.swift; sourceTree = "<group>"; };
		FDC057DE2C1930B800312DB4 /* LocationRepositoryPrimaryFallback.swift */ = {isa = PBXFileReference; lastKnownFileType = sourcecode.swift; path = LocationRepositoryPrimaryFallback.swift; sourceTree = "<group>"; };
		FDC057E02C1931AD00312DB4 /* LocationRepositoryRemote.swift */ = {isa = PBXFileReference; lastKnownFileType = sourcecode.swift; path = LocationRepositoryRemote.swift; sourceTree = "<group>"; };
		FDC057E22C1931C400312DB4 /* LocationRepositoryLocal.swift */ = {isa = PBXFileReference; lastKnownFileType = sourcecode.swift; path = LocationRepositoryLocal.swift; sourceTree = "<group>"; };
		FDC057E52C1932C600312DB4 /* EpisodeRepositoryPrimaryFallback.swift */ = {isa = PBXFileReference; lastKnownFileType = sourcecode.swift; path = EpisodeRepositoryPrimaryFallback.swift; sourceTree = "<group>"; };
		FDC057E72C19339600312DB4 /* EpisodeRepositoryRemote.swift */ = {isa = PBXFileReference; lastKnownFileType = sourcecode.swift; path = EpisodeRepositoryRemote.swift; sourceTree = "<group>"; };
		FDC057E92C1933B800312DB4 /* EpisodeRepositoryLocal.swift */ = {isa = PBXFileReference; lastKnownFileType = sourcecode.swift; path = EpisodeRepositoryLocal.swift; sourceTree = "<group>"; };
		FDC057EB2C19414000312DB4 /* FetchCharacterUseCase.swift */ = {isa = PBXFileReference; lastKnownFileType = sourcecode.swift; path = FetchCharacterUseCase.swift; sourceTree = "<group>"; };
		FDC057ED2C1941D500312DB4 /* FetchLocationUseCase.swift */ = {isa = PBXFileReference; lastKnownFileType = sourcecode.swift; path = FetchLocationUseCase.swift; sourceTree = "<group>"; };
		FDC057EF2C19423400312DB4 /* FetchEpisodeUseCase.swift */ = {isa = PBXFileReference; lastKnownFileType = sourcecode.swift; path = FetchEpisodeUseCase.swift; sourceTree = "<group>"; };
		FDD87CDF2C3962DA0072E2A8 /* DependencyInjector.swift */ = {isa = PBXFileReference; lastKnownFileType = sourcecode.swift; path = DependencyInjector.swift; sourceTree = "<group>"; };
		FDD87CE22C3965EB0072E2A8 /* ApplicationConstants.swift */ = {isa = PBXFileReference; lastKnownFileType = sourcecode.swift; path = ApplicationConstants.swift; sourceTree = "<group>"; };
		FDD87CE72C3A9BA60072E2A8 /* CharactersView.swift */ = {isa = PBXFileReference; lastKnownFileType = sourcecode.swift; path = CharactersView.swift; sourceTree = "<group>"; };
		FDD87CE92C3AAD890072E2A8 /* ArrayWrapper.swift */ = {isa = PBXFileReference; lastKnownFileType = sourcecode.swift; path = ArrayWrapper.swift; sourceTree = "<group>"; };
		FDD87CEC2C3B74A90072E2A8 /* EpisodesView.swift */ = {isa = PBXFileReference; lastKnownFileType = sourcecode.swift; path = EpisodesView.swift; sourceTree = "<group>"; };
		FDD87CEF2C3B750C0072E2A8 /* EpisodeCell.swift */ = {isa = PBXFileReference; lastKnownFileType = sourcecode.swift; path = EpisodeCell.swift; sourceTree = "<group>"; };
		FDD87CF12C3B78360072E2A8 /* EpisodeViewModel.swift */ = {isa = PBXFileReference; lastKnownFileType = sourcecode.swift; path = EpisodeViewModel.swift; sourceTree = "<group>"; };
		FDD87CF32C3B79F30072E2A8 /* EpisodesViewController.swift */ = {isa = PBXFileReference; lastKnownFileType = sourcecode.swift; path = EpisodesViewController.swift; sourceTree = "<group>"; };
		FDE8CD032C1567DA00481F32 /* OSLog+Extensions.swift */ = {isa = PBXFileReference; lastKnownFileType = sourcecode.swift; path = "OSLog+Extensions.swift"; sourceTree = "<group>"; };
/* End PBXFileReference section */

/* Begin PBXFrameworksBuildPhase section */
		FD2D76A42C151E5E00BBDEF4 /* Frameworks */ = {
			isa = PBXFrameworksBuildPhase;
			buildActionMask = 2147483647;
			files = (
				FDD87CDD2C3961F20072E2A8 /* DependencyInjector in Frameworks */,
				FDD87CE62C3981060072E2A8 /* ImageLoader in Frameworks */,
			);
			runOnlyForDeploymentPostprocessing = 0;
		};
		FD2D76BA2C151E6300BBDEF4 /* Frameworks */ = {
			isa = PBXFrameworksBuildPhase;
			buildActionMask = 2147483647;
			files = (
			);
			runOnlyForDeploymentPostprocessing = 0;
		};
		FD2D76C42C151E6300BBDEF4 /* Frameworks */ = {
			isa = PBXFrameworksBuildPhase;
			buildActionMask = 2147483647;
			files = (
			);
			runOnlyForDeploymentPostprocessing = 0;
		};
/* End PBXFrameworksBuildPhase section */

/* Begin PBXGroup section */
		FD2D769E2C151E5E00BBDEF4 = {
			isa = PBXGroup;
			children = (
				FD2D76A92C151E5E00BBDEF4 /* RickAndMorty */,
				FD2D76C02C151E6300BBDEF4 /* RickAndMortyTests */,
				FD2D76CA2C151E6300BBDEF4 /* RickAndMortyUITests */,
				FD2D76A82C151E5E00BBDEF4 /* Products */,
			);
			sourceTree = "<group>";
		};
		FD2D76A82C151E5E00BBDEF4 /* Products */ = {
			isa = PBXGroup;
			children = (
				FD2D76A72C151E5E00BBDEF4 /* RickAndMorty.app */,
				FD2D76BD2C151E6300BBDEF4 /* RickAndMortyTests.xctest */,
				FD2D76C72C151E6300BBDEF4 /* RickAndMortyUITests.xctest */,
			);
			name = Products;
			sourceTree = "<group>";
		};
		FD2D76A92C151E5E00BBDEF4 /* RickAndMorty */ = {
			isa = PBXGroup;
			children = (
				FDC057BD2C17F34000312DB4 /* Common */,
				FDE8CD022C1567C600481F32 /* Extensions */,
				FD2D76DF2C151F9A00BBDEF4 /* Resources */,
				FD2D76DE2C151F8600BBDEF4 /* Presentation */,
				FD2D76DD2C151F6F00BBDEF4 /* Infastructure */,
				FD2D76DC2C151F6700BBDEF4 /* Domain */,
				FD2D76DB2C151F6200BBDEF4 /* Data */,
				FD2D76DA2C151F3300BBDEF4 /* Application */,
				FD2D76AA2C151E5E00BBDEF4 /* AppDelegate.swift */,
				FD2D76AC2C151E5E00BBDEF4 /* SceneDelegate.swift */,
				FD2D76B52C151E6200BBDEF4 /* LaunchScreen.storyboard */,
			);
			path = RickAndMorty;
			sourceTree = "<group>";
		};
		FD2D76C02C151E6300BBDEF4 /* RickAndMortyTests */ = {
			isa = PBXGroup;
			children = (
				FD81D11A2C2E6A2400098C59 /* Resources */,
				FD81D1172C2E69E400098C59 /* Infastructure  */,
				FD81D10F2C2E691900098C59 /* Domain */,
				FD2D76C12C151E6300BBDEF4 /* RickAndMortyTests.swift */,
			);
			path = RickAndMortyTests;
			sourceTree = "<group>";
		};
		FD2D76CA2C151E6300BBDEF4 /* RickAndMortyUITests */ = {
			isa = PBXGroup;
			children = (
				FD2D76CB2C151E6300BBDEF4 /* RickAndMortyUITests.swift */,
				FD2D76CD2C151E6300BBDEF4 /* RickAndMortyUITestsLaunchTests.swift */,
			);
			path = RickAndMortyUITests;
			sourceTree = "<group>";
		};
		FD2D76DA2C151F3300BBDEF4 /* Application */ = {
			isa = PBXGroup;
			children = (
				FDD87CE12C3965C70072E2A8 /* Constants */,
				FDD87CDE2C3962C80072E2A8 /* DIContainer */,
				FD2D76E22C15267300BBDEF4 /* Coordinator */,
			);
			path = Application;
			sourceTree = "<group>";
		};
		FD2D76DB2C151F6200BBDEF4 /* Data */ = {
			isa = PBXGroup;
			children = (
				FDC057C92C18AB2200312DB4 /* Repository */,
				FDC057B72C17E47C00312DB4 /* Network */,
			);
			path = Data;
			sourceTree = "<group>";
		};
		FD2D76DC2C151F6700BBDEF4 /* Domain */ = {
			isa = PBXGroup;
			children = (
				FDC057992C17D63D00312DB4 /* UseCases */,
				FDC057982C17D63800312DB4 /* Entities */,
				FDC057972C17D62E00312DB4 /* Repositories */,
			);
			path = Domain;
			sourceTree = "<group>";
		};
		FD2D76DD2C151F6F00BBDEF4 /* Infastructure */ = {
			isa = PBXGroup;
			children = (
				FDF267672C1543A500388852 /* Network */,
			);
			path = Infastructure;
			sourceTree = "<group>";
		};
		FD2D76DE2C151F8600BBDEF4 /* Presentation */ = {
			isa = PBXGroup;
			children = (
				FDD87CEB2C3B74810072E2A8 /* EpisodesView */,
				FD81D1362C38C60600098C59 /* Util */,
				FD81D12A2C38154B00098C59 /* CharactersView */,
				FD81D11D2C369B3E00098C59 /* Launch Screen */,
				FD2D76E82C15279000BBDEF4 /* MainView */,
			);
			path = Presentation;
			sourceTree = "<group>";
		};
		FD2D76DF2C151F9A00BBDEF4 /* Resources */ = {
			isa = PBXGroup;
			children = (
				FD81D1242C37F24A00098C59 /* sound_track.mp3 */,
				FD2D76B82C151E6200BBDEF4 /* Info.plist */,
				FD2D76B32C151E6200BBDEF4 /* Assets.xcassets */,
			);
			path = Resources;
			sourceTree = "<group>";
		};
		FD2D76E22C15267300BBDEF4 /* Coordinator */ = {
			isa = PBXGroup;
			children = (
				FD2D76E02C15246C00BBDEF4 /* StoryBoarding.swift */,
				FD2D76E42C15268800BBDEF4 /* Coordinator.swift */,
				FD2D76E62C1526F100BBDEF4 /* RootCoordinator.swift */,
				FD81D1282C3814A700098C59 /* CharactersCoordinator.swift */,
				FD81D12F2C3819E300098C59 /* EpisodesCoordinator.swift */,
				FD81D1312C3819F200098C59 /* LocationsCoordinator.swift */,
			);
			path = Coordinator;
			sourceTree = "<group>";
		};
		FD2D76E82C15279000BBDEF4 /* MainView */ = {
			isa = PBXGroup;
			children = (
				FD2D76EB2C15288800BBDEF4 /* MainTabBarController.swift */,
			);
			path = MainView;
			sourceTree = "<group>";
		};
		FD81D10F2C2E691900098C59 /* Domain */ = {
			isa = PBXGroup;
			children = (
				FD81D1102C2E692100098C59 /* Mocks */,
				FD81D1152C2E69A900098C59 /* TestLocationUseCase.swift */,
			);
			path = Domain;
			sourceTree = "<group>";
		};
		FD81D1102C2E692100098C59 /* Mocks */ = {
			isa = PBXGroup;
			children = (
				FD81D1112C2E695800098C59 /* MockCharacterDataRepository.swift */,
				FD81D1132C2E697F00098C59 /* MockLocationRepository.swift */,
			);
			path = Mocks;
			sourceTree = "<group>";
		};
		FD81D1172C2E69E400098C59 /* Infastructure  */ = {
			isa = PBXGroup;
			children = (
				FD81D1182C2E69F300098C59 /* Network+DataTransferTests.swift */,
			);
			path = "Infastructure ";
			sourceTree = "<group>";
		};
		FD81D11A2C2E6A2400098C59 /* Resources */ = {
			isa = PBXGroup;
			children = (
				FD81D11B2C2E6A5400098C59 /* locations.json */,
			);
			path = Resources;
			sourceTree = "<group>";
		};
		FD81D11D2C369B3E00098C59 /* Launch Screen */ = {
			isa = PBXGroup;
			children = (
				FD81D11E2C369B4E00098C59 /* LaunchViewController.swift */,
			);
			path = "Launch Screen";
			sourceTree = "<group>";
		};
		FD81D12A2C38154B00098C59 /* CharactersView */ = {
			isa = PBXGroup;
			children = (
				FD81D1332C3859F100098C59 /* CharacterCell */,
				FDD87CE72C3A9BA60072E2A8 /* CharactersView.swift */,
				FD81D12B2C38157F00098C59 /* CharactersViewController.swift */,
				FD81D12D2C38162A00098C59 /* CharactersViewModel.swift */,
			);
			path = CharactersView;
			sourceTree = "<group>";
		};
		FD81D1332C3859F100098C59 /* CharacterCell */ = {
			isa = PBXGroup;
			children = (
				FD81D1342C385A0100098C59 /* CharacterCell.swift */,
			);
			path = CharacterCell;
			sourceTree = "<group>";
		};
		FD81D1362C38C60600098C59 /* Util */ = {
			isa = PBXGroup;
			children = (
				FD81D1372C38C61800098C59 /* ProgressView.swift */,
			);
			path = Util;
			sourceTree = "<group>";
		};
		FDC057972C17D62E00312DB4 /* Repositories */ = {
			isa = PBXGroup;
			children = (
				FDC0579A2C17D84800312DB4 /* CharacterRepository.swift */,
				FDC0579C2C17D85B00312DB4 /* LocationRepository.swift */,
				FDC0579E2C17D86A00312DB4 /* EpisodeRepository.swift */,
			);
			path = Repositories;
			sourceTree = "<group>";
		};
		FDC057982C17D63800312DB4 /* Entities */ = {
			isa = PBXGroup;
			children = (
				FDC057A02C17D89700312DB4 /* Character.swift */,
				FDC057A22C17DC8600312DB4 /* Location.swift */,
				FDC057A42C17DDEA00312DB4 /* Episode.swift */,
			);
			path = Entities;
			sourceTree = "<group>";
		};
		FDC057992C17D63D00312DB4 /* UseCases */ = {
			isa = PBXGroup;
			children = (
				FDC057AA2C17DFE800312DB4 /* Episode */,
				FDC057A92C17DFDA00312DB4 /* Location */,
				FDC057A82C17DFB500312DB4 /* Character */,
				FDC057A62C17DF9C00312DB4 /* UseCase.swift */,
			);
			path = UseCases;
			sourceTree = "<group>";
		};
		FDC057A82C17DFB500312DB4 /* Character */ = {
			isa = PBXGroup;
			children = (
				FDC057AB2C17E00100312DB4 /* FetchCharactersUseCase.swift */,
				FDC057AD2C17E15300312DB4 /* SearchCharactersUseCase.swift */,
				FDC057EB2C19414000312DB4 /* FetchCharacterUseCase.swift */,
			);
			path = Character;
			sourceTree = "<group>";
		};
		FDC057A92C17DFDA00312DB4 /* Location */ = {
			isa = PBXGroup;
			children = (
				FDC057AF2C17E1CE00312DB4 /* FetchLocationsUseCase.swift */,
				FDC057B12C17E23200312DB4 /* SearchLocationsUseCase.swift */,
				FDC057ED2C1941D500312DB4 /* FetchLocationUseCase.swift */,
			);
			path = Location;
			sourceTree = "<group>";
		};
		FDC057AA2C17DFE800312DB4 /* Episode */ = {
			isa = PBXGroup;
			children = (
				FDC057B32C17E28F00312DB4 /* FetchEpisodesUseCase.swift */,
				FDC057B52C17E2D200312DB4 /* SearchEpisodesUseCase.swift */,
				FDC057EF2C19423400312DB4 /* FetchEpisodeUseCase.swift */,
			);
			path = Episode;
			sourceTree = "<group>";
		};
		FDC057B72C17E47C00312DB4 /* Network */ = {
			isa = PBXGroup;
			children = (
				FDC057C22C17F74B00312DB4 /* Endpoints */,
				FDC057B82C17E4A000312DB4 /* DataMapping */,
			);
			path = Network;
			sourceTree = "<group>";
		};
		FDC057B82C17E4A000312DB4 /* DataMapping */ = {
			isa = PBXGroup;
			children = (
				FDC057B92C17E4C000312DB4 /* CharacterResponseDTO+Mapping.swift */,
				FDC057BB2C17F1A900312DB4 /* LocationResponseDTO+Mapping.swift */,
				FDC057C02C17F4F400312DB4 /* EpisodeResponseDTO+Mapping.swift */,
			);
			path = DataMapping;
			sourceTree = "<group>";
		};
		FDC057BD2C17F34000312DB4 /* Common */ = {
			isa = PBXGroup;
			children = (
				FDC057BE2C17F34F00312DB4 /* Helpers.swift */,
				FDC057DA2C18B72F00312DB4 /* Cancellable.swift */,
				FD81D1202C37BDFE00098C59 /* Presentable.swift */,
				FD81D1222C37BEB100098C59 /* ViewModel.swift */,
				FDD87CE92C3AAD890072E2A8 /* ArrayWrapper.swift */,
			);
			path = Common;
			sourceTree = "<group>";
		};
		FDC057C22C17F74B00312DB4 /* Endpoints */ = {
			isa = PBXGroup;
			children = (
				FDC057C32C17F79300312DB4 /* CharacterEndpoints.swift */,
				FDC057C52C17F7A000312DB4 /* LocationEndpoints.swift */,
				FDC057C72C17F7AC00312DB4 /* EpisodeEndpoints.swift */,
			);
			path = Endpoints;
			sourceTree = "<group>";
		};
		FDC057C92C18AB2200312DB4 /* Repository */ = {
			isa = PBXGroup;
			children = (
				FDC057CF2C18AC9200312DB4 /* Episode */,
				FDC057CE2C18AC8D00312DB4 /* Location */,
				FDC057CD2C18AC8600312DB4 /* Character */,
			);
			path = Repository;
			sourceTree = "<group>";
		};
		FDC057CD2C18AC8600312DB4 /* Character */ = {
			isa = PBXGroup;
			children = (
				FDC057D72C18AE1200312DB4 /* Implementation */,
				FDC057D42C18AD6000312DB4 /* CharacterRepositoryPrimaryFallback.swift */,
			);
			path = Character;
			sourceTree = "<group>";
		};
		FDC057CE2C18AC8D00312DB4 /* Location */ = {
			isa = PBXGroup;
			children = (
				FDC057DD2C19309C00312DB4 /* Implementation */,
				FDC057DE2C1930B800312DB4 /* LocationRepositoryPrimaryFallback.swift */,
			);
			path = Location;
			sourceTree = "<group>";
		};
		FDC057CF2C18AC9200312DB4 /* Episode */ = {
			isa = PBXGroup;
			children = (
				FDC057E42C1932B200312DB4 /* Implementation */,
				FDC057E52C1932C600312DB4 /* EpisodeRepositoryPrimaryFallback.swift */,
			);
			path = Episode;
			sourceTree = "<group>";
		};
		FDC057D72C18AE1200312DB4 /* Implementation */ = {
			isa = PBXGroup;
			children = (
				FDC057D02C18ACB700312DB4 /* CharacterRepositoryRemote.swift */,
				FDC057D22C18ACCB00312DB4 /* CharacterRepositoryLocal.swift */,
			);
			path = Implementation;
			sourceTree = "<group>";
		};
		FDC057DD2C19309C00312DB4 /* Implementation */ = {
			isa = PBXGroup;
			children = (
				FDC057E02C1931AD00312DB4 /* LocationRepositoryRemote.swift */,
				FDC057E22C1931C400312DB4 /* LocationRepositoryLocal.swift */,
			);
			path = Implementation;
			sourceTree = "<group>";
		};
		FDC057E42C1932B200312DB4 /* Implementation */ = {
			isa = PBXGroup;
			children = (
				FDC057E72C19339600312DB4 /* EpisodeRepositoryRemote.swift */,
				FDC057E92C1933B800312DB4 /* EpisodeRepositoryLocal.swift */,
			);
			path = Implementation;
			sourceTree = "<group>";
		};
		FDD87CDE2C3962C80072E2A8 /* DIContainer */ = {
			isa = PBXGroup;
			children = (
				FDD87CDF2C3962DA0072E2A8 /* DependencyInjector.swift */,
			);
			path = DIContainer;
			sourceTree = "<group>";
		};
		FDD87CE12C3965C70072E2A8 /* Constants */ = {
			isa = PBXGroup;
			children = (
				FDD87CE22C3965EB0072E2A8 /* ApplicationConstants.swift */,
			);
			path = Constants;
			sourceTree = "<group>";
		};
		FDD87CEB2C3B74810072E2A8 /* EpisodesView */ = {
			isa = PBXGroup;
			children = (
				FDD87CEE2C3B74F90072E2A8 /* EpisodeCell */,
				FDD87CEC2C3B74A90072E2A8 /* EpisodesView.swift */,
				FDD87CF12C3B78360072E2A8 /* EpisodeViewModel.swift */,
				FDD87CF32C3B79F30072E2A8 /* EpisodesViewController.swift */,
			);
			path = EpisodesView;
			sourceTree = "<group>";
		};
		FDD87CEE2C3B74F90072E2A8 /* EpisodeCell */ = {
			isa = PBXGroup;
			children = (
				FDD87CEF2C3B750C0072E2A8 /* EpisodeCell.swift */,
			);
			path = EpisodeCell;
			sourceTree = "<group>";
		};
		FDE8CD022C1567C600481F32 /* Extensions */ = {
			isa = PBXGroup;
			children = (
				FDE8CD032C1567DA00481F32 /* OSLog+Extensions.swift */,
				FDC057952C17D52800312DB4 /* View+Extensions.swift */,
			);
			path = Extensions;
			sourceTree = "<group>";
		};
		FDF267672C1543A500388852 /* Network */ = {
			isa = PBXGroup;
			children = (
				FDC0578D2C17D37A00312DB4 /* ApiNetworkConfig.swift */,
				FDC0578E2C17D37A00312DB4 /* Endpoint.swift */,
				FDC057902C17D37A00312DB4 /* NetworkDataTransferService.swift */,
				FDC0578F2C17D37A00312DB4 /* NetworkService.swift */,
			);
			path = Network;
			sourceTree = "<group>";
		};
/* End PBXGroup section */

/* Begin PBXNativeTarget section */
		FD2D76A62C151E5E00BBDEF4 /* RickAndMorty */ = {
			isa = PBXNativeTarget;
			buildConfigurationList = FD2D76D12C151E6300BBDEF4 /* Build configuration list for PBXNativeTarget "RickAndMorty" */;
			buildPhases = (
				FD2D76A32C151E5E00BBDEF4 /* Sources */,
				FD2D76A42C151E5E00BBDEF4 /* Frameworks */,
				FD2D76A52C151E5E00BBDEF4 /* Resources */,
			);
			buildRules = (
			);
			dependencies = (
			);
			name = RickAndMorty;
			packageProductDependencies = (
				FDD87CDC2C3961F20072E2A8 /* DependencyInjector */,
				FDD87CE52C3981060072E2A8 /* ImageLoader */,
			);
			productName = RickAndMorty;
			productReference = FD2D76A72C151E5E00BBDEF4 /* RickAndMorty.app */;
			productType = "com.apple.product-type.application";
		};
		FD2D76BC2C151E6300BBDEF4 /* RickAndMortyTests */ = {
			isa = PBXNativeTarget;
			buildConfigurationList = FD2D76D42C151E6300BBDEF4 /* Build configuration list for PBXNativeTarget "RickAndMortyTests" */;
			buildPhases = (
				FD2D76B92C151E6300BBDEF4 /* Sources */,
				FD2D76BA2C151E6300BBDEF4 /* Frameworks */,
				FD2D76BB2C151E6300BBDEF4 /* Resources */,
			);
			buildRules = (
			);
			dependencies = (
				FD2D76BF2C151E6300BBDEF4 /* PBXTargetDependency */,
			);
			name = RickAndMortyTests;
			productName = RickAndMortyTests;
			productReference = FD2D76BD2C151E6300BBDEF4 /* RickAndMortyTests.xctest */;
			productType = "com.apple.product-type.bundle.unit-test";
		};
		FD2D76C62C151E6300BBDEF4 /* RickAndMortyUITests */ = {
			isa = PBXNativeTarget;
			buildConfigurationList = FD2D76D72C151E6300BBDEF4 /* Build configuration list for PBXNativeTarget "RickAndMortyUITests" */;
			buildPhases = (
				FD2D76C32C151E6300BBDEF4 /* Sources */,
				FD2D76C42C151E6300BBDEF4 /* Frameworks */,
				FD2D76C52C151E6300BBDEF4 /* Resources */,
			);
			buildRules = (
			);
			dependencies = (
				FD2D76C92C151E6300BBDEF4 /* PBXTargetDependency */,
			);
			name = RickAndMortyUITests;
			productName = RickAndMortyUITests;
			productReference = FD2D76C72C151E6300BBDEF4 /* RickAndMortyUITests.xctest */;
			productType = "com.apple.product-type.bundle.ui-testing";
		};
/* End PBXNativeTarget section */

/* Begin PBXProject section */
		FD2D769F2C151E5E00BBDEF4 /* Project object */ = {
			isa = PBXProject;
			attributes = {
				BuildIndependentTargetsInParallel = 1;
				LastSwiftUpdateCheck = 1530;
				LastUpgradeCheck = 1530;
				TargetAttributes = {
					FD2D76A62C151E5E00BBDEF4 = {
						CreatedOnToolsVersion = 15.3;
					};
					FD2D76BC2C151E6300BBDEF4 = {
						CreatedOnToolsVersion = 15.3;
						TestTargetID = FD2D76A62C151E5E00BBDEF4;
					};
					FD2D76C62C151E6300BBDEF4 = {
						CreatedOnToolsVersion = 15.3;
						TestTargetID = FD2D76A62C151E5E00BBDEF4;
					};
				};
			};
			buildConfigurationList = FD2D76A22C151E5E00BBDEF4 /* Build configuration list for PBXProject "RickAndMorty" */;
			compatibilityVersion = "Xcode 14.0";
			developmentRegion = en;
			hasScannedForEncodings = 0;
			knownRegions = (
				en,
				Base,
			);
			mainGroup = FD2D769E2C151E5E00BBDEF4;
			packageReferences = (
				FDD87CDB2C3961F20072E2A8 /* XCLocalSwiftPackageReference "../../Swift Packages/DependencyInjector" */,
				FDD87CE42C3981060072E2A8 /* XCLocalSwiftPackageReference "../../Swift Packages/ImageLoader" */,
			);
			productRefGroup = FD2D76A82C151E5E00BBDEF4 /* Products */;
			projectDirPath = "";
			projectRoot = "";
			targets = (
				FD2D76A62C151E5E00BBDEF4 /* RickAndMorty */,
				FD2D76BC2C151E6300BBDEF4 /* RickAndMortyTests */,
				FD2D76C62C151E6300BBDEF4 /* RickAndMortyUITests */,
			);
		};
/* End PBXProject section */

/* Begin PBXResourcesBuildPhase section */
		FD2D76A52C151E5E00BBDEF4 /* Resources */ = {
			isa = PBXResourcesBuildPhase;
			buildActionMask = 2147483647;
			files = (
				FD2D76B42C151E6200BBDEF4 /* Assets.xcassets in Resources */,
				FD81D1252C37F24A00098C59 /* sound_track.mp3 in Resources */,
				FD2D76B72C151E6200BBDEF4 /* Base in Resources */,
			);
			runOnlyForDeploymentPostprocessing = 0;
		};
		FD2D76BB2C151E6300BBDEF4 /* Resources */ = {
			isa = PBXResourcesBuildPhase;
			buildActionMask = 2147483647;
			files = (
				FD81D11C2C2E6A5400098C59 /* locations.json in Resources */,
			);
			runOnlyForDeploymentPostprocessing = 0;
		};
		FD2D76C52C151E6300BBDEF4 /* Resources */ = {
			isa = PBXResourcesBuildPhase;
			buildActionMask = 2147483647;
			files = (
			);
			runOnlyForDeploymentPostprocessing = 0;
		};
/* End PBXResourcesBuildPhase section */

/* Begin PBXSourcesBuildPhase section */
		FD2D76A32C151E5E00BBDEF4 /* Sources */ = {
			isa = PBXSourcesBuildPhase;
			buildActionMask = 2147483647;
			files = (
				FDD87CF22C3B78360072E2A8 /* EpisodeViewModel.swift in Sources */,
				FDC057B02C17E1CE00312DB4 /* FetchLocationsUseCase.swift in Sources */,
				FDC057DF2C1930B800312DB4 /* LocationRepositoryPrimaryFallback.swift in Sources */,
				FDC057B42C17E28F00312DB4 /* FetchEpisodesUseCase.swift in Sources */,
				FDC057AC2C17E00100312DB4 /* FetchCharactersUseCase.swift in Sources */,
				FDC057B22C17E23200312DB4 /* SearchLocationsUseCase.swift in Sources */,
				FDC057BA2C17E4C000312DB4 /* CharacterResponseDTO+Mapping.swift in Sources */,
				FD81D1232C37BEB100098C59 /* ViewModel.swift in Sources */,
				FDD87CEA2C3AAD890072E2A8 /* ArrayWrapper.swift in Sources */,
				FDC057932C17D37A00312DB4 /* NetworkService.swift in Sources */,
				FDC057A52C17DDEA00312DB4 /* Episode.swift in Sources */,
				FD2D76EC2C15288800BBDEF4 /* MainTabBarController.swift in Sources */,
				FD81D1302C3819E300098C59 /* EpisodesCoordinator.swift in Sources */,
				FDC057E82C19339600312DB4 /* EpisodeRepositoryRemote.swift in Sources */,
				FDC057BF2C17F34F00312DB4 /* Helpers.swift in Sources */,
				FD81D1292C3814A700098C59 /* CharactersCoordinator.swift in Sources */,
				FDD87CE02C3962DA0072E2A8 /* DependencyInjector.swift in Sources */,
				FDC057B62C17E2D200312DB4 /* SearchEpisodesUseCase.swift in Sources */,
				FDC057DB2C18B72F00312DB4 /* Cancellable.swift in Sources */,
				FDD87CE32C3965EB0072E2A8 /* ApplicationConstants.swift in Sources */,
				FDC057942C17D37A00312DB4 /* NetworkDataTransferService.swift in Sources */,
				FDC057BC2C17F1A900312DB4 /* LocationResponseDTO+Mapping.swift in Sources */,
				FD2D76E52C15268800BBDEF4 /* Coordinator.swift in Sources */,
				FDC057A72C17DF9C00312DB4 /* UseCase.swift in Sources */,
				FD81D1212C37BDFE00098C59 /* Presentable.swift in Sources */,
				FDD87CED2C3B74A90072E2A8 /* EpisodesView.swift in Sources */,
				FD81D12C2C38157F00098C59 /* CharactersViewController.swift in Sources */,
				FDC057EE2C1941D500312DB4 /* FetchLocationUseCase.swift in Sources */,
				FDC057D52C18AD6000312DB4 /* CharacterRepositoryPrimaryFallback.swift in Sources */,
				FDC057A32C17DC8600312DB4 /* Location.swift in Sources */,
				FDD87CF42C3B79F30072E2A8 /* EpisodesViewController.swift in Sources */,
				FD81D1352C385A0100098C59 /* CharacterCell.swift in Sources */,
				FDC057D12C18ACB700312DB4 /* CharacterRepositoryRemote.swift in Sources */,
				FDC057E12C1931AD00312DB4 /* LocationRepositoryRemote.swift in Sources */,
				FDE8CD042C1567DA00481F32 /* OSLog+Extensions.swift in Sources */,
				FD2D76E12C15246C00BBDEF4 /* StoryBoarding.swift in Sources */,
				FDC0579D2C17D85B00312DB4 /* LocationRepository.swift in Sources */,
				FDC057922C17D37A00312DB4 /* Endpoint.swift in Sources */,
				FDD87CE82C3A9BA60072E2A8 /* CharactersView.swift in Sources */,
				FD81D1382C38C61800098C59 /* ProgressView.swift in Sources */,
				FDC057AE2C17E15300312DB4 /* SearchCharactersUseCase.swift in Sources */,
				FD81D1322C3819F200098C59 /* LocationsCoordinator.swift in Sources */,
				FD2D76E72C1526F100BBDEF4 /* RootCoordinator.swift in Sources */,
				FDC057C82C17F7AC00312DB4 /* EpisodeEndpoints.swift in Sources */,
				FDC057E32C1931C400312DB4 /* LocationRepositoryLocal.swift in Sources */,
				FDC057C12C17F4F400312DB4 /* EpisodeResponseDTO+Mapping.swift in Sources */,
				FDC057962C17D52800312DB4 /* View+Extensions.swift in Sources */,
				FDC057C42C17F79300312DB4 /* CharacterEndpoints.swift in Sources */,
				FDC057E62C1932C600312DB4 /* EpisodeRepositoryPrimaryFallback.swift in Sources */,
				FDC057EA2C1933B800312DB4 /* EpisodeRepositoryLocal.swift in Sources */,
				FDC0579F2C17D86A00312DB4 /* EpisodeRepository.swift in Sources */,
				FD2D76AB2C151E5E00BBDEF4 /* AppDelegate.swift in Sources */,
				FDC0579B2C17D84800312DB4 /* CharacterRepository.swift in Sources */,
				FDC057912C17D37A00312DB4 /* ApiNetworkConfig.swift in Sources */,
				FD81D12E2C38162A00098C59 /* CharactersViewModel.swift in Sources */,
				FDD87CF02C3B750C0072E2A8 /* EpisodeCell.swift in Sources */,
				FDC057F02C19423400312DB4 /* FetchEpisodeUseCase.swift in Sources */,
				FD81D11F2C369B4E00098C59 /* LaunchViewController.swift in Sources */,
				FDC057A12C17D89700312DB4 /* Character.swift in Sources */,
				FDC057D32C18ACCB00312DB4 /* CharacterRepositoryLocal.swift in Sources */,
				FD2D76AD2C151E5E00BBDEF4 /* SceneDelegate.swift in Sources */,
				FDC057EC2C19414000312DB4 /* FetchCharacterUseCase.swift in Sources */,
				FDC057C62C17F7A000312DB4 /* LocationEndpoints.swift in Sources */,
			);
			runOnlyForDeploymentPostprocessing = 0;
		};
		FD2D76B92C151E6300BBDEF4 /* Sources */ = {
			isa = PBXSourcesBuildPhase;
			buildActionMask = 2147483647;
			files = (
				FD2D76C22C151E6300BBDEF4 /* RickAndMortyTests.swift in Sources */,
				FD81D1192C2E69F300098C59 /* Network+DataTransferTests.swift in Sources */,
				FD81D1142C2E697F00098C59 /* MockLocationRepository.swift in Sources */,
				FD81D1162C2E69A900098C59 /* TestLocationUseCase.swift in Sources */,
				FD81D1122C2E695800098C59 /* MockCharacterDataRepository.swift in Sources */,
			);
			runOnlyForDeploymentPostprocessing = 0;
		};
		FD2D76C32C151E6300BBDEF4 /* Sources */ = {
			isa = PBXSourcesBuildPhase;
			buildActionMask = 2147483647;
			files = (
				FD2D76CC2C151E6300BBDEF4 /* RickAndMortyUITests.swift in Sources */,
				FD2D76CE2C151E6300BBDEF4 /* RickAndMortyUITestsLaunchTests.swift in Sources */,
			);
			runOnlyForDeploymentPostprocessing = 0;
		};
/* End PBXSourcesBuildPhase section */

/* Begin PBXTargetDependency section */
		FD2D76BF2C151E6300BBDEF4 /* PBXTargetDependency */ = {
			isa = PBXTargetDependency;
			target = FD2D76A62C151E5E00BBDEF4 /* RickAndMorty */;
			targetProxy = FD2D76BE2C151E6300BBDEF4 /* PBXContainerItemProxy */;
		};
		FD2D76C92C151E6300BBDEF4 /* PBXTargetDependency */ = {
			isa = PBXTargetDependency;
			target = FD2D76A62C151E5E00BBDEF4 /* RickAndMorty */;
			targetProxy = FD2D76C82C151E6300BBDEF4 /* PBXContainerItemProxy */;
		};
/* End PBXTargetDependency section */

/* Begin PBXVariantGroup section */
		FD2D76B52C151E6200BBDEF4 /* LaunchScreen.storyboard */ = {
			isa = PBXVariantGroup;
			children = (
				FD2D76B62C151E6200BBDEF4 /* Base */,
			);
			name = LaunchScreen.storyboard;
			sourceTree = "<group>";
		};
/* End PBXVariantGroup section */

/* Begin XCBuildConfiguration section */
		FD2D76CF2C151E6300BBDEF4 /* Debug */ = {
			isa = XCBuildConfiguration;
			buildSettings = {
				ALWAYS_SEARCH_USER_PATHS = NO;
				ASSETCATALOG_COMPILER_GENERATE_SWIFT_ASSET_SYMBOL_EXTENSIONS = YES;
				CLANG_ANALYZER_NONNULL = YES;
				CLANG_ANALYZER_NUMBER_OBJECT_CONVERSION = YES_AGGRESSIVE;
				CLANG_CXX_LANGUAGE_STANDARD = "gnu++20";
				CLANG_ENABLE_MODULES = YES;
				CLANG_ENABLE_OBJC_ARC = YES;
				CLANG_ENABLE_OBJC_WEAK = YES;
				CLANG_WARN_BLOCK_CAPTURE_AUTORELEASING = YES;
				CLANG_WARN_BOOL_CONVERSION = YES;
				CLANG_WARN_COMMA = YES;
				CLANG_WARN_CONSTANT_CONVERSION = YES;
				CLANG_WARN_DEPRECATED_OBJC_IMPLEMENTATIONS = YES;
				CLANG_WARN_DIRECT_OBJC_ISA_USAGE = YES_ERROR;
				CLANG_WARN_DOCUMENTATION_COMMENTS = YES;
				CLANG_WARN_EMPTY_BODY = YES;
				CLANG_WARN_ENUM_CONVERSION = YES;
				CLANG_WARN_INFINITE_RECURSION = YES;
				CLANG_WARN_INT_CONVERSION = YES;
				CLANG_WARN_NON_LITERAL_NULL_CONVERSION = YES;
				CLANG_WARN_OBJC_IMPLICIT_RETAIN_SELF = YES;
				CLANG_WARN_OBJC_LITERAL_CONVERSION = YES;
				CLANG_WARN_OBJC_ROOT_CLASS = YES_ERROR;
				CLANG_WARN_QUOTED_INCLUDE_IN_FRAMEWORK_HEADER = YES;
				CLANG_WARN_RANGE_LOOP_ANALYSIS = YES;
				CLANG_WARN_STRICT_PROTOTYPES = YES;
				CLANG_WARN_SUSPICIOUS_MOVE = YES;
				CLANG_WARN_UNGUARDED_AVAILABILITY = YES_AGGRESSIVE;
				CLANG_WARN_UNREACHABLE_CODE = YES;
				CLANG_WARN__DUPLICATE_METHOD_MATCH = YES;
				COPY_PHASE_STRIP = NO;
				DEBUG_INFORMATION_FORMAT = dwarf;
				ENABLE_STRICT_OBJC_MSGSEND = YES;
				ENABLE_TESTABILITY = YES;
				ENABLE_USER_SCRIPT_SANDBOXING = YES;
				GCC_C_LANGUAGE_STANDARD = gnu17;
				GCC_DYNAMIC_NO_PIC = NO;
				GCC_NO_COMMON_BLOCKS = YES;
				GCC_OPTIMIZATION_LEVEL = 0;
				GCC_PREPROCESSOR_DEFINITIONS = (
					"DEBUG=1",
					"$(inherited)",
				);
				GCC_WARN_64_TO_32_BIT_CONVERSION = YES;
				GCC_WARN_ABOUT_RETURN_TYPE = YES_ERROR;
				GCC_WARN_UNDECLARED_SELECTOR = YES;
				GCC_WARN_UNINITIALIZED_AUTOS = YES_AGGRESSIVE;
				GCC_WARN_UNUSED_FUNCTION = YES;
				GCC_WARN_UNUSED_VARIABLE = YES;
				IPHONEOS_DEPLOYMENT_TARGET = 14.0;
				LOCALIZATION_PREFERS_STRING_CATALOGS = YES;
				MTL_ENABLE_DEBUG_INFO = INCLUDE_SOURCE;
				MTL_FAST_MATH = YES;
				ONLY_ACTIVE_ARCH = YES;
				SDKROOT = iphoneos;
				SWIFT_ACTIVE_COMPILATION_CONDITIONS = "DEBUG $(inherited)";
				SWIFT_OPTIMIZATION_LEVEL = "-Onone";
			};
			name = Debug;
		};
		FD2D76D02C151E6300BBDEF4 /* Release */ = {
			isa = XCBuildConfiguration;
			buildSettings = {
				ALWAYS_SEARCH_USER_PATHS = NO;
				ASSETCATALOG_COMPILER_GENERATE_SWIFT_ASSET_SYMBOL_EXTENSIONS = YES;
				CLANG_ANALYZER_NONNULL = YES;
				CLANG_ANALYZER_NUMBER_OBJECT_CONVERSION = YES_AGGRESSIVE;
				CLANG_CXX_LANGUAGE_STANDARD = "gnu++20";
				CLANG_ENABLE_MODULES = YES;
				CLANG_ENABLE_OBJC_ARC = YES;
				CLANG_ENABLE_OBJC_WEAK = YES;
				CLANG_WARN_BLOCK_CAPTURE_AUTORELEASING = YES;
				CLANG_WARN_BOOL_CONVERSION = YES;
				CLANG_WARN_COMMA = YES;
				CLANG_WARN_CONSTANT_CONVERSION = YES;
				CLANG_WARN_DEPRECATED_OBJC_IMPLEMENTATIONS = YES;
				CLANG_WARN_DIRECT_OBJC_ISA_USAGE = YES_ERROR;
				CLANG_WARN_DOCUMENTATION_COMMENTS = YES;
				CLANG_WARN_EMPTY_BODY = YES;
				CLANG_WARN_ENUM_CONVERSION = YES;
				CLANG_WARN_INFINITE_RECURSION = YES;
				CLANG_WARN_INT_CONVERSION = YES;
				CLANG_WARN_NON_LITERAL_NULL_CONVERSION = YES;
				CLANG_WARN_OBJC_IMPLICIT_RETAIN_SELF = YES;
				CLANG_WARN_OBJC_LITERAL_CONVERSION = YES;
				CLANG_WARN_OBJC_ROOT_CLASS = YES_ERROR;
				CLANG_WARN_QUOTED_INCLUDE_IN_FRAMEWORK_HEADER = YES;
				CLANG_WARN_RANGE_LOOP_ANALYSIS = YES;
				CLANG_WARN_STRICT_PROTOTYPES = YES;
				CLANG_WARN_SUSPICIOUS_MOVE = YES;
				CLANG_WARN_UNGUARDED_AVAILABILITY = YES_AGGRESSIVE;
				CLANG_WARN_UNREACHABLE_CODE = YES;
				CLANG_WARN__DUPLICATE_METHOD_MATCH = YES;
				COPY_PHASE_STRIP = NO;
				DEBUG_INFORMATION_FORMAT = "dwarf-with-dsym";
				ENABLE_NS_ASSERTIONS = NO;
				ENABLE_STRICT_OBJC_MSGSEND = YES;
				ENABLE_USER_SCRIPT_SANDBOXING = YES;
				GCC_C_LANGUAGE_STANDARD = gnu17;
				GCC_NO_COMMON_BLOCKS = YES;
				GCC_WARN_64_TO_32_BIT_CONVERSION = YES;
				GCC_WARN_ABOUT_RETURN_TYPE = YES_ERROR;
				GCC_WARN_UNDECLARED_SELECTOR = YES;
				GCC_WARN_UNINITIALIZED_AUTOS = YES_AGGRESSIVE;
				GCC_WARN_UNUSED_FUNCTION = YES;
				GCC_WARN_UNUSED_VARIABLE = YES;
				IPHONEOS_DEPLOYMENT_TARGET = 14.0;
				LOCALIZATION_PREFERS_STRING_CATALOGS = YES;
				MTL_ENABLE_DEBUG_INFO = NO;
				MTL_FAST_MATH = YES;
				SDKROOT = iphoneos;
				SWIFT_COMPILATION_MODE = wholemodule;
				VALIDATE_PRODUCT = YES;
			};
			name = Release;
		};
		FD2D76D22C151E6300BBDEF4 /* Debug */ = {
			isa = XCBuildConfiguration;
			buildSettings = {
				ASSETCATALOG_COMPILER_APPICON_NAME = AppIcon;
				ASSETCATALOG_COMPILER_GLOBAL_ACCENT_COLOR_NAME = AccentColor;
				CODE_SIGN_STYLE = Automatic;
				CURRENT_PROJECT_VERSION = 1;
				DEVELOPMENT_TEAM = 9CYSVYA95H;
				GENERATE_INFOPLIST_FILE = YES;
				INFOPLIST_FILE = RickAndMorty/Resources/Info.plist;
				INFOPLIST_KEY_CFBundleDisplayName = "Rick and Morty";
				INFOPLIST_KEY_UIApplicationSupportsIndirectInputEvents = YES;
				INFOPLIST_KEY_UILaunchStoryboardName = LaunchScreen;
				INFOPLIST_KEY_UISupportedInterfaceOrientations_iPad = "UIInterfaceOrientationPortrait UIInterfaceOrientationPortraitUpsideDown UIInterfaceOrientationLandscapeLeft UIInterfaceOrientationLandscapeRight";
				INFOPLIST_KEY_UISupportedInterfaceOrientations_iPhone = "UIInterfaceOrientationPortrait UIInterfaceOrientationLandscapeLeft UIInterfaceOrientationLandscapeRight";
				LD_RUNPATH_SEARCH_PATHS = (
					"$(inherited)",
					"@executable_path/Frameworks",
				);
				MARKETING_VERSION = 1.0;
				PRODUCT_BUNDLE_IDENTIFIER = com.bytecode.RickAndMorty;
				PRODUCT_NAME = "$(TARGET_NAME)";
				SWIFT_EMIT_LOC_STRINGS = YES;
				SWIFT_VERSION = 5.0;
				TARGETED_DEVICE_FAMILY = "1,2";
			};
			name = Debug;
		};
		FD2D76D32C151E6300BBDEF4 /* Release */ = {
			isa = XCBuildConfiguration;
			buildSettings = {
				ASSETCATALOG_COMPILER_APPICON_NAME = AppIcon;
				ASSETCATALOG_COMPILER_GLOBAL_ACCENT_COLOR_NAME = AccentColor;
				CODE_SIGN_STYLE = Automatic;
				CURRENT_PROJECT_VERSION = 1;
				DEVELOPMENT_TEAM = 9CYSVYA95H;
				GENERATE_INFOPLIST_FILE = YES;
				INFOPLIST_FILE = RickAndMorty/Resources/Info.plist;
				INFOPLIST_KEY_CFBundleDisplayName = "Rick and Morty";
				INFOPLIST_KEY_UIApplicationSupportsIndirectInputEvents = YES;
				INFOPLIST_KEY_UILaunchStoryboardName = LaunchScreen;
				INFOPLIST_KEY_UISupportedInterfaceOrientations_iPad = "UIInterfaceOrientationPortrait UIInterfaceOrientationPortraitUpsideDown UIInterfaceOrientationLandscapeLeft UIInterfaceOrientationLandscapeRight";
				INFOPLIST_KEY_UISupportedInterfaceOrientations_iPhone = "UIInterfaceOrientationPortrait UIInterfaceOrientationLandscapeLeft UIInterfaceOrientationLandscapeRight";
				LD_RUNPATH_SEARCH_PATHS = (
					"$(inherited)",
					"@executable_path/Frameworks",
				);
				MARKETING_VERSION = 1.0;
				PRODUCT_BUNDLE_IDENTIFIER = com.bytecode.RickAndMorty;
				PRODUCT_NAME = "$(TARGET_NAME)";
				SWIFT_EMIT_LOC_STRINGS = YES;
				SWIFT_VERSION = 5.0;
				TARGETED_DEVICE_FAMILY = "1,2";
			};
			name = Release;
		};
		FD2D76D52C151E6300BBDEF4 /* Debug */ = {
			isa = XCBuildConfiguration;
			buildSettings = {
				ALWAYS_EMBED_SWIFT_STANDARD_LIBRARIES = YES;
				BUNDLE_LOADER = "$(TEST_HOST)";
				CODE_SIGN_STYLE = Automatic;
				CURRENT_PROJECT_VERSION = 1;
				DEVELOPMENT_TEAM = 9CYSVYA95H;
				GENERATE_INFOPLIST_FILE = YES;
				IPHONEOS_DEPLOYMENT_TARGET = 17.4;
				MARKETING_VERSION = 1.0;
				PRODUCT_BUNDLE_IDENTIFIER = com.bytecode.RickAndMortyTests;
				PRODUCT_NAME = "$(TARGET_NAME)";
				SWIFT_EMIT_LOC_STRINGS = NO;
				SWIFT_VERSION = 5.0;
				TARGETED_DEVICE_FAMILY = "1,2";
				TEST_HOST = "$(BUILT_PRODUCTS_DIR)/RickAndMorty.app/$(BUNDLE_EXECUTABLE_FOLDER_PATH)/RickAndMorty";
			};
			name = Debug;
		};
		FD2D76D62C151E6300BBDEF4 /* Release */ = {
			isa = XCBuildConfiguration;
			buildSettings = {
				ALWAYS_EMBED_SWIFT_STANDARD_LIBRARIES = YES;
				BUNDLE_LOADER = "$(TEST_HOST)";
				CODE_SIGN_STYLE = Automatic;
				CURRENT_PROJECT_VERSION = 1;
				DEVELOPMENT_TEAM = 9CYSVYA95H;
				GENERATE_INFOPLIST_FILE = YES;
				IPHONEOS_DEPLOYMENT_TARGET = 17.4;
				MARKETING_VERSION = 1.0;
				PRODUCT_BUNDLE_IDENTIFIER = com.bytecode.RickAndMortyTests;
				PRODUCT_NAME = "$(TARGET_NAME)";
				SWIFT_EMIT_LOC_STRINGS = NO;
				SWIFT_VERSION = 5.0;
				TARGETED_DEVICE_FAMILY = "1,2";
				TEST_HOST = "$(BUILT_PRODUCTS_DIR)/RickAndMorty.app/$(BUNDLE_EXECUTABLE_FOLDER_PATH)/RickAndMorty";
			};
			name = Release;
		};
		FD2D76D82C151E6300BBDEF4 /* Debug */ = {
			isa = XCBuildConfiguration;
			buildSettings = {
				ALWAYS_EMBED_SWIFT_STANDARD_LIBRARIES = YES;
				CODE_SIGN_STYLE = Automatic;
				CURRENT_PROJECT_VERSION = 1;
				DEVELOPMENT_TEAM = 9CYSVYA95H;
				GENERATE_INFOPLIST_FILE = YES;
				MARKETING_VERSION = 1.0;
				PRODUCT_BUNDLE_IDENTIFIER = com.bytecode.RickAndMortyUITests;
				PRODUCT_NAME = "$(TARGET_NAME)";
				SWIFT_EMIT_LOC_STRINGS = NO;
				SWIFT_VERSION = 5.0;
				TARGETED_DEVICE_FAMILY = "1,2";
				TEST_TARGET_NAME = RickAndMorty;
			};
			name = Debug;
		};
		FD2D76D92C151E6300BBDEF4 /* Release */ = {
			isa = XCBuildConfiguration;
			buildSettings = {
				ALWAYS_EMBED_SWIFT_STANDARD_LIBRARIES = YES;
				CODE_SIGN_STYLE = Automatic;
				CURRENT_PROJECT_VERSION = 1;
				DEVELOPMENT_TEAM = 9CYSVYA95H;
				GENERATE_INFOPLIST_FILE = YES;
				MARKETING_VERSION = 1.0;
				PRODUCT_BUNDLE_IDENTIFIER = com.bytecode.RickAndMortyUITests;
				PRODUCT_NAME = "$(TARGET_NAME)";
				SWIFT_EMIT_LOC_STRINGS = NO;
				SWIFT_VERSION = 5.0;
				TARGETED_DEVICE_FAMILY = "1,2";
				TEST_TARGET_NAME = RickAndMorty;
			};
			name = Release;
		};
/* End XCBuildConfiguration section */

/* Begin XCConfigurationList section */
		FD2D76A22C151E5E00BBDEF4 /* Build configuration list for PBXProject "RickAndMorty" */ = {
			isa = XCConfigurationList;
			buildConfigurations = (
				FD2D76CF2C151E6300BBDEF4 /* Debug */,
				FD2D76D02C151E6300BBDEF4 /* Release */,
			);
			defaultConfigurationIsVisible = 0;
			defaultConfigurationName = Release;
		};
		FD2D76D12C151E6300BBDEF4 /* Build configuration list for PBXNativeTarget "RickAndMorty" */ = {
			isa = XCConfigurationList;
			buildConfigurations = (
				FD2D76D22C151E6300BBDEF4 /* Debug */,
				FD2D76D32C151E6300BBDEF4 /* Release */,
			);
			defaultConfigurationIsVisible = 0;
			defaultConfigurationName = Release;
		};
		FD2D76D42C151E6300BBDEF4 /* Build configuration list for PBXNativeTarget "RickAndMortyTests" */ = {
			isa = XCConfigurationList;
			buildConfigurations = (
				FD2D76D52C151E6300BBDEF4 /* Debug */,
				FD2D76D62C151E6300BBDEF4 /* Release */,
			);
			defaultConfigurationIsVisible = 0;
			defaultConfigurationName = Release;
		};
		FD2D76D72C151E6300BBDEF4 /* Build configuration list for PBXNativeTarget "RickAndMortyUITests" */ = {
			isa = XCConfigurationList;
			buildConfigurations = (
				FD2D76D82C151E6300BBDEF4 /* Debug */,
				FD2D76D92C151E6300BBDEF4 /* Release */,
			);
			defaultConfigurationIsVisible = 0;
			defaultConfigurationName = Release;
		};
/* End XCConfigurationList section */

/* Begin XCLocalSwiftPackageReference section */
		FDD87CDB2C3961F20072E2A8 /* XCLocalSwiftPackageReference "../../Swift Packages/DependencyInjector" */ = {
			isa = XCLocalSwiftPackageReference;
			relativePath = "../../Swift Packages/DependencyInjector";
		};
		FDD87CE42C3981060072E2A8 /* XCLocalSwiftPackageReference "../../Swift Packages/ImageLoader" */ = {
			isa = XCLocalSwiftPackageReference;
			relativePath = "../../Swift Packages/ImageLoader";
		};
/* End XCLocalSwiftPackageReference section */

/* Begin XCSwiftPackageProductDependency section */
		FDD87CDC2C3961F20072E2A8 /* DependencyInjector */ = {
			isa = XCSwiftPackageProductDependency;
			productName = DependencyInjector;
		};
		FDD87CE52C3981060072E2A8 /* ImageLoader */ = {
			isa = XCSwiftPackageProductDependency;
			productName = ImageLoader;
		};
/* End XCSwiftPackageProductDependency section */
	};
	rootObject = FD2D769F2C151E5E00BBDEF4 /* Project object */;
}
